
Microsoft Visual Studio Solution File, Format Version 12.00
# Visual Studio Version 17
VisualStudioVersion = 17.10.35004.147
MinimumVisualStudioVersion = 10.0.40219.1
Project("{FAE04EC0-301F-11D3-BF4B-00C04F79EFBC}") = "Machine Vision Dashboard", "Machine Vision Dashboard.csproj", "{5AFFE082-1C5E-4CE2-B5F2-D832EEECCF12}"
EndProject
Global
	GlobalSection(SolutionConfigurationPlatforms) = preSolution
		Debug|Any CPU = Debug|Any CPU
		Release|Any CPU = Release|Any CPU
	EndGlobalSection
	GlobalSection(ProjectConfigurationPlatforms) = postSolution
		{5AFFE082-1C5E-4CE2-B5F2-D832EEECCF12}.Debug|Any CPU.ActiveCfg = Debug|Any CPU
		{5AFFE082-1C5E-4CE2-B5F2-D832EEECCF12}.Debug|Any CPU.Build.0 = Debug|Any CPU
		{5AFFE082-1C5E-4CE2-B5F2-D832EEECCF12}.Release|Any CPU.ActiveCfg = Release|Any CPU
		{5AFFE082-1C5E-4CE2-B5F2-D832EEECCF12}.Release|Any CPU.Build.0 = Release|Any CPU
	EndGlobalSection
	GlobalSection(SolutionProperties) = preSolution
		HideSolutionNode = FALSE
	EndGlobalSection
	GlobalSection(ExtensibilityGlobals) = postSolution
		SolutionGuid = {40206080-A1E1-48E9-8C2B-8332CFCEB2DB}
	EndGlobalSection
EndGlobal
